
Microsoft Visual Studio Solution File, Format Version 12.00
# Visual Studio Version 16
VisualStudioVersion = 16.0.33927.289
MinimumVisualStudioVersion = 10.0.40219.1
Project("{2150E333-8FDC-42A3-9474-1A3956D46DE8}") = "Task0", "Task0", "{5D9BA57E-9B58-4AC1-B0B5-0C32B1C3ACD1}"
EndProject
Project("{FAE04EC0-301F-11D3-BF4B-00C04F79EFBC}") = "Tyuiu.KoevaSJ.Sprint5.Task0.V19", "Tyuiu.KoevaSJ.Sprint5.Task0.V19\Tyuiu.KoevaSJ.Sprint5.Task0.V19.csproj", "{C6E71B23-5DDB-49E3-AF05-B73855FE04EE}"
EndProject
Project("{FAE04EC0-301F-11D3-BF4B-00C04F79EFBC}") = "Tyuiu.KoevaSJ.Sprint5.Task0.V19.Lib", "Tyuiu.KoevaSJ.Sprint5.Task0.V19.Lib\Tyuiu.KoevaSJ.Sprint5.Task0.V19.Lib.csproj", "{5697FE70-03A6-4173-A792-06B44770F4DD}"
EndProject
Project("{FAE04EC0-301F-11D3-BF4B-00C04F79EFBC}") = "Tyuiu.KoevaSJ.Sprint5.Task0.V19.Test", "Tyuiu.KoevaSJ.Sprint5.Task0.V19.Test\Tyuiu.KoevaSJ.Sprint5.Task0.V19.Test.csproj", "{FB46744D-EEA3-44D6-88B0-6924FE4DB7F8}"
EndProject
Project("{2150E333-8FDC-42A3-9474-1A3956D46DE8}") = "Task1", "Task1", "{9B6728AF-898A-4713-9473-AEBB598A29BF}"
EndProject
Project("{FAE04EC0-301F-11D3-BF4B-00C04F79EFBC}") = "Tyuiu.KoevaSJ.Sprint5.Task1.V17", "Tyuiu.KoevaSJ.Sprint5.Task1.V17\Tyuiu.KoevaSJ.Sprint5.Task1.V17.csproj", "{0BAD9DAF-0EC2-4D98-AB32-919FE1B198A4}"
EndProject
Project("{FAE04EC0-301F-11D3-BF4B-00C04F79EFBC}") = "Tyuiu.KoevaSJ.Sprint5.Task1.V17.Lib", "Tyuiu.KoevaSJ.Sprint5.Task1.V17.Lib\Tyuiu.KoevaSJ.Sprint5.Task1.V17.Lib.csproj", "{65224649-F823-4596-A603-7E6FBC5AB492}"
EndProject
Project("{FAE04EC0-301F-11D3-BF4B-00C04F79EFBC}") = "Tyuiu.KoevaSJ.Sprint5.Task1.V17.Test", "Tyuiu.KoevaSJ.Sprint5.Task1.V17.Test\Tyuiu.KoevaSJ.Sprint5.Task1.V17.Test.csproj", "{5592E853-C092-4E56-B1F1-11B4F0CD003B}"
EndProject
Project("{2150E333-8FDC-42A3-9474-1A3956D46DE8}") = "Task2", "Task2", "{8BF03FE4-ECFB-4AC1-B897-E038F0D53E22}"
EndProject
Project("{FAE04EC0-301F-11D3-BF4B-00C04F79EFBC}") = "Tyuiu.KoevaSJ.Sprint5.Task2.V9", "Tyuiu.KoevaSJ.Sprint5.Task2.V9\Tyuiu.KoevaSJ.Sprint5.Task2.V9.csproj", "{2E1D78CF-41F9-4391-9CEA-12979A6B4D16}"
EndProject
Project("{FAE04EC0-301F-11D3-BF4B-00C04F79EFBC}") = "Tyuiu.KoevaSJ.Sprint5.Task2.V9.Lib", "Tyuiu.KoevaSJ.Sprint5.Task2.V9.Lib\Tyuiu.KoevaSJ.Sprint5.Task2.V9.Lib.csproj", "{7D854C0E-9B30-4407-9EC4-229AAC9DD9FD}"
EndProject
Project("{FAE04EC0-301F-11D3-BF4B-00C04F79EFBC}") = "Tyuiu.KoevaSJ.Sprint5.Task2.V9.Test", "Tyuiu.KoevaSJ.Sprint5.Task2.V9.Test\Tyuiu.KoevaSJ.Sprint5.Task2.V9.Test.csproj", "{3F2C9859-6F32-46DE-AA85-8E9E2527F06E}"
EndProject
Project("{2150E333-8FDC-42A3-9474-1A3956D46DE8}") = "Task3", "Task3", "{21867F7B-FAAE-4989-ACBD-8E44D076951F}"
EndProject
Project("{FAE04EC0-301F-11D3-BF4B-00C04F79EFBC}") = "Tyuiu.KoevaSJ.Sprint5.Task3.V19", "Tyuiu.KoevaSJ.Sprint5.Task3.V19\Tyuiu.KoevaSJ.Sprint5.Task3.V19.csproj", "{056D6DF7-14BE-4CC8-9E67-3841FBFC79FD}"
EndProject
Project("{FAE04EC0-301F-11D3-BF4B-00C04F79EFBC}") = "Tyuiu.KoevaSJ.Sprint5.Task3.V19.Test", "Tyuiu.KoevaSJ.Sprint5.Task3.V19.Test\Tyuiu.KoevaSJ.Sprint5.Task3.V19.Test.csproj", "{3582980E-68E0-40DD-B8E9-69A7C3B1C3BB}"
EndProject
Project("{FAE04EC0-301F-11D3-BF4B-00C04F79EFBC}") = "Tyuiu.KoevaSJ.Sprint5.Task3.V19.Lib", "Tyuiu.KoevaSJ.Sprint5.Task3.V19.Lib\Tyuiu.KoevaSJ.Sprint5.Task3.V19.Lib.csproj", "{EBF0056E-31CF-4D45-A6EF-923C81C083AF}"
EndProject
Global
	GlobalSection(SolutionConfigurationPlatforms) = preSolution
		Debug|Any CPU = Debug|Any CPU
		Release|Any CPU = Release|Any CPU
	EndGlobalSection
	GlobalSection(ProjectConfigurationPlatforms) = postSolution
		{C6E71B23-5DDB-49E3-AF05-B73855FE04EE}.Debug|Any CPU.ActiveCfg = Debug|Any CPU
		{C6E71B23-5DDB-49E3-AF05-B73855FE04EE}.Debug|Any CPU.Build.0 = Debug|Any CPU
		{C6E71B23-5DDB-49E3-AF05-B73855FE04EE}.Release|Any CPU.ActiveCfg = Release|Any CPU
		{C6E71B23-5DDB-49E3-AF05-B73855FE04EE}.Release|Any CPU.Build.0 = Release|Any CPU
		{5697FE70-03A6-4173-A792-06B44770F4DD}.Debug|Any CPU.ActiveCfg = Debug|Any CPU
		{5697FE70-03A6-4173-A792-06B44770F4DD}.Debug|Any CPU.Build.0 = Debug|Any CPU
		{5697FE70-03A6-4173-A792-06B44770F4DD}.Release|Any CPU.ActiveCfg = Release|Any CPU
		{5697FE70-03A6-4173-A792-06B44770F4DD}.Release|Any CPU.Build.0 = Release|Any CPU
		{FB46744D-EEA3-44D6-88B0-6924FE4DB7F8}.Debug|Any CPU.ActiveCfg = Debug|Any CPU
		{FB46744D-EEA3-44D6-88B0-6924FE4DB7F8}.Debug|Any CPU.Build.0 = Debug|Any CPU
		{FB46744D-EEA3-44D6-88B0-6924FE4DB7F8}.Release|Any CPU.ActiveCfg = Release|Any CPU
		{FB46744D-EEA3-44D6-88B0-6924FE4DB7F8}.Release|Any CPU.Build.0 = Release|Any CPU
		{0BAD9DAF-0EC2-4D98-AB32-919FE1B198A4}.Debug|Any CPU.ActiveCfg = Debug|Any CPU
		{0BAD9DAF-0EC2-4D98-AB32-919FE1B198A4}.Debug|Any CPU.Build.0 = Debug|Any CPU
		{0BAD9DAF-0EC2-4D98-AB32-919FE1B198A4}.Release|Any CPU.ActiveCfg = Release|Any CPU
		{0BAD9DAF-0EC2-4D98-AB32-919FE1B198A4}.Release|Any CPU.Build.0 = Release|Any CPU
		{65224649-F823-4596-A603-7E6FBC5AB492}.Debug|Any CPU.ActiveCfg = Debug|Any CPU
		{65224649-F823-4596-A603-7E6FBC5AB492}.Debug|Any CPU.Build.0 = Debug|Any CPU
		{65224649-F823-4596-A603-7E6FBC5AB492}.Release|Any CPU.ActiveCfg = Release|Any CPU
		{65224649-F823-4596-A603-7E6FBC5AB492}.Release|Any CPU.Build.0 = Release|Any CPU
		{5592E853-C092-4E56-B1F1-11B4F0CD003B}.Debug|Any CPU.ActiveCfg = Debug|Any CPU
		{5592E853-C092-4E56-B1F1-11B4F0CD003B}.Debug|Any CPU.Build.0 = Debug|Any CPU
		{5592E853-C092-4E56-B1F1-11B4F0CD003B}.Release|Any CPU.ActiveCfg = Release|Any CPU
		{5592E853-C092-4E56-B1F1-11B4F0CD003B}.Release|Any CPU.Build.0 = Release|Any CPU
		{2E1D78CF-41F9-4391-9CEA-12979A6B4D16}.Debug|Any CPU.ActiveCfg = Debug|Any CPU
		{2E1D78CF-41F9-4391-9CEA-12979A6B4D16}.Debug|Any CPU.Build.0 = Debug|Any CPU
		{2E1D78CF-41F9-4391-9CEA-12979A6B4D16}.Release|Any CPU.ActiveCfg = Release|Any CPU
		{2E1D78CF-41F9-4391-9CEA-12979A6B4D16}.Release|Any CPU.Build.0 = Release|Any CPU
		{7D854C0E-9B30-4407-9EC4-229AAC9DD9FD}.Debug|Any CPU.ActiveCfg = Debug|Any CPU
		{7D854C0E-9B30-4407-9EC4-229AAC9DD9FD}.Debug|Any CPU.Build.0 = Debug|Any CPU
		{7D854C0E-9B30-4407-9EC4-229AAC9DD9FD}.Release|Any CPU.ActiveCfg = Release|Any CPU
		{7D854C0E-9B30-4407-9EC4-229AAC9DD9FD}.Release|Any CPU.Build.0 = Release|Any CPU
		{3F2C9859-6F32-46DE-AA85-8E9E2527F06E}.Debug|Any CPU.ActiveCfg = Debug|Any CPU
		{3F2C9859-6F32-46DE-AA85-8E9E2527F06E}.Debug|Any CPU.Build.0 = Debug|Any CPU
		{3F2C9859-6F32-46DE-AA85-8E9E2527F06E}.Release|Any CPU.ActiveCfg = Release|Any CPU
		{3F2C9859-6F32-46DE-AA85-8E9E2527F06E}.Release|Any CPU.Build.0 = Release|Any CPU
		{056D6DF7-14BE-4CC8-9E67-3841FBFC79FD}.Debug|Any CPU.ActiveCfg = Debug|Any CPU
		{056D6DF7-14BE-4CC8-9E67-3841FBFC79FD}.Debug|Any CPU.Build.0 = Debug|Any CPU
		{056D6DF7-14BE-4CC8-9E67-3841FBFC79FD}.Release|Any CPU.ActiveCfg = Release|Any CPU
		{056D6DF7-14BE-4CC8-9E67-3841FBFC79FD}.Release|Any CPU.Build.0 = Release|Any CPU
		{3582980E-68E0-40DD-B8E9-69A7C3B1C3BB}.Debug|Any CPU.ActiveCfg = Debug|Any CPU
		{3582980E-68E0-40DD-B8E9-69A7C3B1C3BB}.Debug|Any CPU.Build.0 = Debug|Any CPU
		{3582980E-68E0-40DD-B8E9-69A7C3B1C3BB}.Release|Any CPU.ActiveCfg = Release|Any CPU
		{3582980E-68E0-40DD-B8E9-69A7C3B1C3BB}.Release|Any CPU.Build.0 = Release|Any CPU
		{EBF0056E-31CF-4D45-A6EF-923C81C083AF}.Debug|Any CPU.ActiveCfg = Debug|Any CPU
		{EBF0056E-31CF-4D45-A6EF-923C81C083AF}.Debug|Any CPU.Build.0 = Debug|Any CPU
		{EBF0056E-31CF-4D45-A6EF-923C81C083AF}.Release|Any CPU.ActiveCfg = Release|Any CPU
		{EBF0056E-31CF-4D45-A6EF-923C81C083AF}.Release|Any CPU.Build.0 = Release|Any CPU
	EndGlobalSection
	GlobalSection(SolutionProperties) = preSolution
		HideSolutionNode = FALSE
	EndGlobalSection
	GlobalSection(NestedProjects) = preSolution
		{C6E71B23-5DDB-49E3-AF05-B73855FE04EE} = {5D9BA57E-9B58-4AC1-B0B5-0C32B1C3ACD1}
		{5697FE70-03A6-4173-A792-06B44770F4DD} = {5D9BA57E-9B58-4AC1-B0B5-0C32B1C3ACD1}
		{FB46744D-EEA3-44D6-88B0-6924FE4DB7F8} = {5D9BA57E-9B58-4AC1-B0B5-0C32B1C3ACD1}
		{0BAD9DAF-0EC2-4D98-AB32-919FE1B198A4} = {9B6728AF-898A-4713-9473-AEBB598A29BF}
		{65224649-F823-4596-A603-7E6FBC5AB492} = {9B6728AF-898A-4713-9473-AEBB598A29BF}
		{5592E853-C092-4E56-B1F1-11B4F0CD003B} = {9B6728AF-898A-4713-9473-AEBB598A29BF}
		{2E1D78CF-41F9-4391-9CEA-12979A6B4D16} = {8BF03FE4-ECFB-4AC1-B897-E038F0D53E22}
		{7D854C0E-9B30-4407-9EC4-229AAC9DD9FD} = {8BF03FE4-ECFB-4AC1-B897-E038F0D53E22}
		{3F2C9859-6F32-46DE-AA85-8E9E2527F06E} = {8BF03FE4-ECFB-4AC1-B897-E038F0D53E22}
		{056D6DF7-14BE-4CC8-9E67-3841FBFC79FD} = {21867F7B-FAAE-4989-ACBD-8E44D076951F}
		{3582980E-68E0-40DD-B8E9-69A7C3B1C3BB} = {21867F7B-FAAE-4989-ACBD-8E44D076951F}
		{EBF0056E-31CF-4D45-A6EF-923C81C083AF} = {21867F7B-FAAE-4989-ACBD-8E44D076951F}
	EndGlobalSection
	GlobalSection(ExtensibilityGlobals) = postSolution
		SolutionGuid = {CBED21EE-815D-4394-9020-86CDDBE6F34A}
	EndGlobalSection
EndGlobal
